
Microsoft Visual Studio Solution File, Format Version 12.00
# Visual Studio Version 16
VisualStudioVersion = 16.0.31729.503
MinimumVisualStudioVersion = 10.0.40219.1
Project("{FAE04EC0-301F-11D3-BF4B-00C04F79EFBC}") = "Panofy", "Panofy\Panofy.csproj", "{75BD27AA-67F7-43C8-858D-51C664EEE562}"
EndProject
Global
	GlobalSection(SolutionConfigurationPlatforms) = preSolution
		Debug|Any CPU = Debug|Any CPU
		Release|Any CPU = Release|Any CPU
	EndGlobalSection
	GlobalSection(ProjectConfigurationPlatforms) = postSolution
		{75BD27AA-67F7-43C8-858D-51C664EEE562}.Debug|Any CPU.ActiveCfg = Debug|Any CPU
		{75BD27AA-67F7-43C8-858D-51C664EEE562}.Debug|Any CPU.Build.0 = Debug|Any CPU
		{75BD27AA-67F7-43C8-858D-51C664EEE562}.Release|Any CPU.ActiveCfg = Release|Any CPU
		{75BD27AA-67F7-43C8-858D-51C664EEE562}.Release|Any CPU.Build.0 = Release|Any CPU
	EndGlobalSection
	GlobalSection(SolutionProperties) = preSolution
		HideSolutionNode = FALSE
	EndGlobalSection
	GlobalSection(ExtensibilityGlobals) = postSolution
		SolutionGuid = {5D4BC601-ED95-4063-8411-57A685398998}
	EndGlobalSection
EndGlobal
